{
  "name": "5.3",
  "lockfileVersion": 3,
  "requires": true,
  "packages": {
    "": {
      "dependencies": {
        "types-registry": "^0.1.683"
      }
    },
    "node_modules/types-registry": {
      "version": "0.1.683",
      "resolved": "https://registry.npmjs.org/types-registry/-/types-registry-0.1.683.tgz",
      "integrity": "sha512-XcbiXpnMOE7z1iomyKg7jH8XLHSVUsIiJIrZZDJqALOsspsqpmTd7UAkurgELZRuhA4lCTe2SdfhQbIYgBTpFw=="
    }
  }
}
